{
    "_meta": {
        "hash": {
            "sha256": "4c7d80d8bcbb2575941b81652a9473acaec3f18ad56d88b66d714ff5d4ab6d72"
        },
        "pipfile-spec": 6,
        "requires": {
            "python_version": "3.9"
        },
        "sources": [
            {
                "name": "pypi",
                "url": "https://pypi.org/simple",
                "verify_ssl": true
            }
        ]
    },
    "default": {
        "attrs": {
            "hashes": [
                "sha256:31b2eced602aa8423c2aea9c76a724617ed67cf9513173fd3a4f03e3a929c7e6",
                "sha256:832aa3cde19744e49938b91fea06d69ecb9e649c93ba974535d08ad92164f700"
            ],
            "markers": "python_version >= '2.7' and python_version not in '3.0, 3.1, 3.2, 3.3'",
            "version": "==20.3.0"
        },
        "aws-lambda-powertools": {
            "hashes": [
                "sha256:40562847d285ffe6ead6d9e644482a597d5f15e511073b88531e685ee57f3777",
                "sha256:b8bf659d77b54d5e5b16abd6cc7b7ae77b6aed52c6029ac658a9511a9bf0d5d5"
            ],
            "index": "pypi",
            "version": "==1.11.0"
        },
        "aws-xray-sdk": {
            "hashes": [
                "sha256:076f7c610cd3564bbba3507d43e328fb6ff4a2e841d3590f39b2c3ce99d41e1d",
                "sha256:abf5b90f740e1f402e23414c9670e59cb9772e235e271fef2bce62b9100cbc77"
            ],
            "index": "pypi",
            "version": "==2.6.0"
        },
        "blessed": {
            "hashes": [
                "sha256:8371d69ac55558e4b1591964873d6721136e9ea17a730aeb3add7d27761b134b",
                "sha256:a9a774fc6eda05248735b0d86e866d640ca2fef26038878f7e4d23f7749a1e40"
            ],
            "version": "==1.17.6"
        },
        "boto3": {
            "hashes": [
                "sha256:4e177c9dd4ac45d9e41867cfb747f4c985d6b05ff14637ac5861a60daa95c7c1",
                "sha256:ee03a05669c4e82021db8da61c1e7744f231b7481010917ed9066862c8d3cad9"
            ],
            "index": "pypi",
            "version": "==1.17.22"
        },
        "botocore": {
            "hashes": [
                "sha256:32e86f9d18555bd3b4dc694a2639a1c1fc8c8b42a49da543b95ac9d04c40770b",
                "sha256:e92e22275ddc15b80015ee630b14ac3701bd9834bffc0814a65a894d490d2eaf"
            ],
            "markers": "python_version >= '2.7' and python_version not in '3.0, 3.1, 3.2, 3.3, 3.4, 3.5'",
            "version": "==1.20.22"
        },
        "certifi": {
            "hashes": [
                "sha256:1a4995114262bffbc2413b159f2a1a480c969de6e6eb13ee966d470af86af59c",
                "sha256:719a74fb9e33b9bd44cc7f3a8d94bc35e4049deebe19ba7d8e108280cfd59830"
            ],
            "version": "==2020.12.5"
        },
        "cfn-flip": {
            "hashes": [
                "sha256:2bed32a1f4dca26dc64178d52511fd4ef778b5ccbcf32559cac884ace75bde6a"
            ],
            "index": "pypi",
            "version": "==1.2.3"
        },
        "cfn-tools": {
            "hashes": [
                "sha256:52f096122b1109c22adf0bb2c298b4dc7995f651375173d759611b0ad3d2ee5c",
                "sha256:84c04c7656702cd78abc1dbd08395aeda7429f64441eda4b9ebc29d4c77d1ec4"
            ],
            "index": "pypi",
            "version": "==0.1.6"
        },
        "chalice": {
            "hashes": [
                "sha256:39798e4205d7e4bed70535bc10786e9b00be8186e4de7688d21c11eab9884668",
                "sha256:7990c038b236b7c3840af72c483571e1cb7ce50c852f950362cfc5087e1e518c"
            ],
            "index": "pypi",
            "version": "==1.22.1"
        },
        "chardet": {
            "hashes": [
                "sha256:0d6f53a15db4120f2b08c94f11e7d93d2c911ee118b6b30a04ec3ee8310179fa",
                "sha256:f864054d66fd9118f2e67044ac8981a54775ec5b67aed0441892edb553d21da5"
            ],
            "markers": "python_version >= '2.7' and python_version not in '3.0, 3.1, 3.2, 3.3, 3.4'",
            "version": "==4.0.0"
        },
        "click": {
            "hashes": [
                "sha256:d2b5255c7c6349bc1bd1e59e08cd12acbbd63ce649f2588755783aa94dfb6b1a",
                "sha256:dacca89f4bfadd5de3d7489b7c8a566eee0d3676333fbb50030263894c38c0dc"
            ],
            "markers": "python_version >= '2.7' and python_version not in '3.0, 3.1, 3.2, 3.3, 3.4'",
            "version": "==7.1.2"
        },
        "deprecation": {
            "hashes": [
                "sha256:72b3bde64e5d778694b0cf68178aed03d15e15477116add3fb773e581f9518ff",
                "sha256:a10811591210e1fb0e768a8c25517cabeabcba6f0bf96564f8ff45189f90b14a"
            ],
            "index": "pypi",
            "version": "==2.1.0"
        },
        "dynamodb-json": {
            "hashes": [
                "sha256:236672bc144f68de6477b748ab61b8187a7d64c400d7c0f400498a930e19b8b3",
                "sha256:3d1dbfde4cb22e993fd5d78e7a16fd70480ad9d567f4f95f67a860005b0430d2"
            ],
            "index": "pypi",
            "version": "==1.3"
        },
        "enum-compat": {
            "hashes": [
                "sha256:3677daabed56a6f724451d585662253d8fb4e5569845aafa8bb0da36b1a8751e",
                "sha256:88091b617c7fc3bbbceae50db5958023c48dc40b50520005aa3bf27f8f7ea157"
            ],
            "version": "==0.0.3"
        },
        "fastjsonschema": {
            "hashes": [
                "sha256:b3da206676f8b4906debf6a17b650b858c92cb304cbe0c8aa81799bde6a6b858",
                "sha256:e1ecba260bcffb7de0dda6aee74261da1e6dccde5ee04c1170b2dd97d2b87676"
            ],
            "version": "==2.15.0"
        },
        "future": {
            "hashes": [
                "sha256:b1bead90b70cf6ec3f0710ae53a525360fa360d306a86583adc6bf83a4db537d"
            ],
            "markers": "python_version >= '2.6' and python_version not in '3.0, 3.1, 3.2, 3.3'",
            "version": "==0.18.2"
        },
        "idna": {
            "hashes": [
                "sha256:b307872f855b18632ce0c21c5e45be78c0ea7ae4c15c828c20788b26921eb3f6",
                "sha256:b97d804b1e9b523befed77c48dacec60e6dcb0b5391d57af6a65a312a90648c0"
            ],
            "markers": "python_version >= '2.7' and python_version not in '3.0, 3.1, 3.2, 3.3'",
            "version": "==2.10"
        },
        "inquirer": {
            "hashes": [
                "sha256:d15e15de1ad5696f1967e7a23d8e2fce69d2e41a70b008948d676881ed94c3a5",
                "sha256:e819188de0ca7985a99c282176c6f50fb08b0d33867fd1965d3f3e97d6c8f83f"
            ],
            "version": "==2.7.0"
        },
        "jmespath": {
            "hashes": [
                "sha256:b85d0567b8666149a93172712e68920734333c0ce7e89b78b3e987f71e5ed4f9",
                "sha256:cdf6525904cc597730141d61b36f2e4b8ecc257c420fa2f4549bac2c2d0cb72f"
            ],
            "markers": "python_version >= '2.6' and python_version not in '3.0, 3.1, 3.2, 3.3'",
            "version": "==0.10.0"
        },
        "jsonpickle": {
            "hashes": [
                "sha256:0be49cba80ea6f87a168aa8168d717d00c6ca07ba83df3cec32d3b30bfe6fb9a",
                "sha256:c1010994c1fbda87a48f8a56698605b598cb0fc6bb7e7927559fc1100e69aeac"
            ],
            "markers": "python_version >= '2.7'",
            "version": "==2.0.0"
        },
        "marshmallow": {
            "hashes": [
                "sha256:4ab2fdb7f36eb61c3665da67a7ce281c8900db08d72ba6bf0e695828253581f7",
                "sha256:eca81d53aa4aafbc0e20566973d0d2e50ce8bf0ee15165bb799bec0df1e50177"
            ],
            "index": "pypi",
            "version": "==3.10.0"
        },
        "marshmallow-dataclass": {
            "hashes": [
                "sha256:4d07a0829882c99343d0be216e808d6075b2d6cd94211c9f345df9aaed7d4b20",
                "sha256:835e6aef758f9b107ab9623d37e0ebbd6e586fb8f4172281a47dd90a69ceda38"
            ],
            "index": "pypi",
            "version": "==8.3.1"
        },
        "mypy-extensions": {
            "hashes": [
                "sha256:090fedd75945a69ae91ce1303b5824f428daf5a028d2f6ab8a299250a846f15d",
                "sha256:2d82818f5bb3e369420cb3c4060a7970edba416647068eb4c5343488a6c604a8"
            ],
            "version": "==0.4.3"
        },
        "packaging": {
            "hashes": [
                "sha256:5b327ac1320dc863dca72f4514ecc086f31186744b84a230374cc1fd776feae5",
                "sha256:67714da7f7bc052e064859c05c595155bd1ee9f69f76557e21f051443c20947a"
            ],
            "markers": "python_version >= '2.7' and python_version not in '3.0, 3.1, 3.2, 3.3'",
            "version": "==20.9"
        },
        "pyparsing": {
            "hashes": [
                "sha256:c203ec8783bf771a155b207279b9bccb8dea02d8f0c9e5f8ead507bc3246ecc1",
                "sha256:ef9d7589ef3c200abe66653d3f1ab1033c3c419ae9b9bdb1240a85b024efc88b"
            ],
            "markers": "python_version >= '2.6' and python_version not in '3.0, 3.1, 3.2, 3.3'",
            "version": "==2.4.7"
        },
        "python-dateutil": {
            "hashes": [
                "sha256:73ebfe9dbf22e832286dafa60473e4cd239f8592f699aa5adaf10050e6e1823c",
                "sha256:75bb3f31ea686f1197762692a9ee6a7550b59fc6ca3a1f4b5d7e32fb98e2da2a"
            ],
            "markers": "python_version >= '2.7' and python_version not in '3.0, 3.1, 3.2, 3.3'",
            "version": "==2.8.1"
        },
        "python-editor": {
            "hashes": [
                "sha256:1bf6e860a8ad52a14c3ee1252d5dc25b2030618ed80c022598f00176adc8367d",
                "sha256:51fda6bcc5ddbbb7063b2af7509e43bd84bfc32a4ff71349ec7847713882327b",
                "sha256:5f98b069316ea1c2ed3f67e7f5df6c0d8f10b689964a4a811ff64f0106819ec8",
                "sha256:c3da2053dbab6b29c94e43c486ff67206eafbe7eb52dbec7390b5e2fb05aac77",
                "sha256:ea87e17f6ec459e780e4221f295411462e0d0810858e055fc514684350a2f522"
            ],
            "version": "==1.0.4"
        },
        "pyyaml": {
            "hashes": [
                "sha256:08682f6b72c722394747bddaf0aa62277e02557c0fd1c42cb853016a38f8dedf",
                "sha256:0f5f5786c0e09baddcd8b4b45f20a7b5d61a7e7e99846e3c799b05c7c53fa696",
                "sha256:129def1b7c1bf22faffd67b8f3724645203b79d8f4cc81f674654d9902cb4393",
                "sha256:294db365efa064d00b8d1ef65d8ea2c3426ac366c0c4368d930bf1c5fb497f77",
                "sha256:3b2b1824fe7112845700f815ff6a489360226a5609b96ec2190a45e62a9fc922",
                "sha256:3bd0e463264cf257d1ffd2e40223b197271046d09dadf73a0fe82b9c1fc385a5",
                "sha256:4465124ef1b18d9ace298060f4eccc64b0850899ac4ac53294547536533800c8",
                "sha256:49d4cdd9065b9b6e206d0595fee27a96b5dd22618e7520c33204a4a3239d5b10",
                "sha256:4e0583d24c881e14342eaf4ec5fbc97f934b999a6828693a99157fde912540cc",
                "sha256:5accb17103e43963b80e6f837831f38d314a0495500067cb25afab2e8d7a4018",
                "sha256:607774cbba28732bfa802b54baa7484215f530991055bb562efbed5b2f20a45e",
                "sha256:6c78645d400265a062508ae399b60b8c167bf003db364ecb26dcab2bda048253",
                "sha256:74c1485f7707cf707a7aef42ef6322b8f97921bd89be2ab6317fd782c2d53183",
                "sha256:8c1be557ee92a20f184922c7b6424e8ab6691788e6d86137c5d93c1a6ec1b8fb",
                "sha256:bb4191dfc9306777bc594117aee052446b3fa88737cd13b7188d0e7aa8162185",
                "sha256:c20cfa2d49991c8b4147af39859b167664f2ad4561704ee74c1de03318e898db",
                "sha256:d2d9808ea7b4af864f35ea216be506ecec180628aced0704e34aca0b040ffe46",
                "sha256:dd5de0646207f053eb0d6c74ae45ba98c3395a571a2891858e87df7c9b9bd51b",
                "sha256:e1d4970ea66be07ae37a3c2e48b5ec63f7ba6804bdddfdbd3cfd954d25a82e63",
                "sha256:e4fac90784481d221a8e4b1162afa7c47ed953be40d31ab4629ae917510051df",
                "sha256:fa5ae20527d8e831e8230cbffd9f8fe952815b2b7dae6ffec25318803a7528fc"
            ],
            "index": "pypi",
            "version": "==5.4.1"
        },
        "readchar": {
            "hashes": [
                "sha256:3ac34aab28563bc895f73233d5c08b28f951ca190d5850b8d4bec973132a8dca",
                "sha256:ed00b7a49bb12f345319d9fa393f289f03670310ada2beb55e8c3f017c648f1e"
            ],
            "version": "==2.0.1"
        },
        "requests": {
            "hashes": [
                "sha256:27973dd4a904a4f13b263a19c866c13b92a39ed1c964655f025f3f8d3d75b804",
                "sha256:c210084e36a42ae6b9219e00e48287def368a26d03a048ddad7bfee44f75871e"
            ],
            "index": "pypi",
            "version": "==2.25.1"
        },
        "s3transfer": {
            "hashes": [
                "sha256:1e28620e5b444652ed752cf87c7e0cb15b0e578972568c6609f0f18212f259ed",
                "sha256:7fdddb4f22275cf1d32129e21f056337fd2a80b6ccef1664528145b72c49e6d2"
            ],
            "version": "==0.3.4"
        },
        "simplejson": {
            "hashes": [
                "sha256:034550078a11664d77bc1a8364c90bb7eef0e44c2dbb1fd0a4d92e3997088667",
                "sha256:05b43d568300c1cd43f95ff4bfcff984bc658aa001be91efb3bb21df9d6288d3",
                "sha256:0dd9d9c738cb008bfc0862c9b8fa6743495c03a0ed543884bf92fb7d30f8d043",
                "sha256:10fc250c3edea4abc15d930d77274ddb8df4803453dde7ad50c2f5565a18a4bb",
                "sha256:2862beabfb9097a745a961426fe7daf66e1714151da8bb9a0c430dde3d59c7c0",
                "sha256:292c2e3f53be314cc59853bd20a35bf1f965f3bc121e007ab6fd526ed412a85d",
                "sha256:2d3eab2c3fe52007d703a26f71cf649a8c771fcdd949a3ae73041ba6797cfcf8",
                "sha256:2e7b57c2c146f8e4dadf84977a83f7ee50da17c8861fd7faf694d55e3274784f",
                "sha256:311f5dc2af07361725033b13cc3d0351de3da8bede3397d45650784c3f21fbcf",
                "sha256:344e2d920a7f27b4023c087ab539877a1e39ce8e3e90b867e0bfa97829824748",
                "sha256:3fabde09af43e0cbdee407555383063f8b45bfb52c361bc5da83fcffdb4fd278",
                "sha256:42b8b8dd0799f78e067e2aaae97e60d58a8f63582939af60abce4c48631a0aa4",
                "sha256:4b3442249d5e3893b90cb9f72c7d6ce4d2ea144d2c0d9f75b9ae1e5460f3121a",
                "sha256:55d65f9cc1b733d85ef95ab11f559cce55c7649a2160da2ac7a078534da676c8",
                "sha256:5c659a0efc80aaaba57fcd878855c8534ecb655a28ac8508885c50648e6e659d",
                "sha256:72d8a3ffca19a901002d6b068cf746be85747571c6a7ba12cbcf427bfb4ed971",
                "sha256:75ecc79f26d99222a084fbdd1ce5aad3ac3a8bd535cd9059528452da38b68841",
                "sha256:76ac9605bf2f6d9b56abf6f9da9047a8782574ad3531c82eae774947ae99cc3f",
                "sha256:7d276f69bfc8c7ba6c717ba8deaf28f9d3c8450ff0aa8713f5a3280e232be16b",
                "sha256:7f10f8ba9c1b1430addc7dd385fc322e221559d3ae49b812aebf57470ce8de45",
                "sha256:8042040af86a494a23c189b5aa0ea9433769cc029707833f261a79c98e3375f9",
                "sha256:813846738277729d7db71b82176204abc7fdae2f566e2d9fcf874f9b6472e3e6",
                "sha256:845a14f6deb124a3bcb98a62def067a67462a000e0508f256f9c18eff5847efc",
                "sha256:869a183c8e44bc03be1b2bbcc9ec4338e37fa8557fc506bf6115887c1d3bb956",
                "sha256:8acf76443cfb5c949b6e781c154278c059b09ac717d2757a830c869ba000cf8d",
                "sha256:8f713ea65958ef40049b6c45c40c206ab363db9591ff5a49d89b448933fa5746",
                "sha256:934115642c8ba9659b402c8bdbdedb48651fb94b576e3b3efd1ccb079609b04a",
                "sha256:9551f23e09300a9a528f7af20e35c9f79686d46d646152a0c8fc41d2d074d9b0",
                "sha256:9a2b7543559f8a1c9ed72724b549d8cc3515da7daf3e79813a15bdc4a769de25",
                "sha256:a55c76254d7cf8d4494bc508e7abb993a82a192d0db4552421e5139235604625",
                "sha256:ad8f41c2357b73bc9e8606d2fa226233bf4d55d85a8982ecdfd55823a6959995",
                "sha256:af4868da7dd53296cd7630687161d53a7ebe2e63814234631445697bd7c29f46",
                "sha256:afebfc3dd3520d37056f641969ce320b071bc7a0800639c71877b90d053e087f",
                "sha256:b59aa298137ca74a744c1e6e22cfc0bf9dca3a2f41f51bc92eb05695155d905a",
                "sha256:bc00d1210567a4cdd215ac6e17dc00cb9893ee521cee701adfd0fa43f7c73139",
                "sha256:c1cb29b1fced01f97e6d5631c3edc2dadb424d1f4421dad079cb13fc97acb42f",
                "sha256:c94dc64b1a389a416fc4218cd4799aa3756f25940cae33530a4f7f2f54f166da",
                "sha256:ceaa28a5bce8a46a130cd223e895080e258a88d51bf6e8de2fc54a6ef7e38c34",
                "sha256:cff6453e25204d3369c47b97dd34783ca820611bd334779d22192da23784194b",
                "sha256:d0b64409df09edb4c365d95004775c988259efe9be39697d7315c42b7a5e7e94",
                "sha256:d4813b30cb62d3b63ccc60dd12f2121780c7a3068db692daeb90f989877aaf04",
                "sha256:da3c55cdc66cfc3fffb607db49a42448785ea2732f055ac1549b69dcb392663b",
                "sha256:e058c7656c44fb494a11443191e381355388443d543f6fc1a245d5d238544396",
                "sha256:fed0f22bf1313ff79c7fc318f7199d6c2f96d4de3234b2f12a1eab350e597c06",
                "sha256:ffd4e4877a78c84d693e491b223385e0271278f5f4e1476a4962dca6824ecfeb"
            ],
            "markers": "python_version >= '2.5' and python_version not in '3.0, 3.1, 3.2, 3.3'",
            "version": "==3.17.2"
        },
        "six": {
            "hashes": [
                "sha256:30639c035cdb23534cd4aa2dd52c3bf48f06e5f4a941509c8bafd8ce11080259",
                "sha256:8b74bedcbbbaca38ff6d7491d76f2b06b3592611af620f8426e82dddb04a5ced"
            ],
            "markers": "python_version >= '2.7' and python_version not in '3.0, 3.1, 3.2, 3.3'",
            "version": "==1.15.0"
        },
        "typing-extensions": {
            "hashes": [
                "sha256:7cb407020f00f7bfc3cb3e7881628838e69d8f3fcab2f64742a5e76b2f841918",
                "sha256:99d4073b617d30288f569d3f13d2bd7548c3a7e4c8de87db09a9d29bb3a4a60c",
                "sha256:dafc7639cde7f1b6e1acc0f457842a83e722ccca8eef5270af2d74792619a89f"
            ],
            "version": "==3.7.4.3"
        },
        "typing-inspect": {
            "hashes": [
                "sha256:3b98390df4d999a28cf5b35d8b333425af5da2ece8a4ea9e98f71e7591347b4f",
                "sha256:8f1b1dd25908dbfd81d3bebc218011531e7ab614ba6e5bf7826d887c834afab7",
                "sha256:de08f50a22955ddec353876df7b2545994d6df08a2f45d54ac8c05e530372ca0"
            ],
            "version": "==0.6.0"
        },
        "urllib3": {
            "hashes": [
                "sha256:1b465e494e3e0d8939b50680403e3aedaa2bc434b7d5af64dfd3c958d7f5ae80",
                "sha256:de3eedaad74a2683334e282005cd8d7f22f4d55fa690a2a1020a416cb0a47e73"
            ],
            "markers": "python_version >= '2.7' and python_version not in '3.0, 3.1, 3.2, 3.3, 3.4' and python_version < '4.0'",
            "version": "==1.26.3"
        },
        "wcwidth": {
            "hashes": [
                "sha256:beb4802a9cebb9144e99086eff703a642a13d6a0052920003a230f3294bbe784",
                "sha256:c4d647b99872929fdb7bdcaa4fbe7f01413ed3d98077df798530e5b04f116c83"
            ],
            "version": "==0.2.5"
        },
        "wheel": {
            "hashes": [
                "sha256:78b5b185f0e5763c26ca1e324373aadd49182ca90e825f7853f4b2509215dc0e",
                "sha256:e11eefd162658ea59a60a0f6c7d493a7190ea4b9a85e335b33489d9f17e0245e"
            ],
            "markers": "python_version >= '2.7' and python_version not in '3.0, 3.1, 3.2, 3.3, 3.4'",
            "version": "==0.36.2"
        },
        "wrapt": {
            "hashes": [
                "sha256:b62ffa81fb85f4332a4f609cab4ac40709470da05643a082ec1eb88e6d9b97d7"
            ],
            "version": "==1.12.1"
        }
    },
    "develop": {
        "attrs": {
            "hashes": [
                "sha256:31b2eced602aa8423c2aea9c76a724617ed67cf9513173fd3a4f03e3a929c7e6",
                "sha256:832aa3cde19744e49938b91fea06d69ecb9e649c93ba974535d08ad92164f700"
            ],
            "markers": "python_version >= '2.7' and python_version not in '3.0, 3.1, 3.2, 3.3'",
            "version": "==20.3.0"
        },
        "iniconfig": {
            "hashes": [
                "sha256:011e24c64b7f47f6ebd835bb12a743f2fbe9a26d4cecaa7f53bc4f35ee9da8b3",
                "sha256:bc3af051d7d14b2ee5ef9969666def0cd1a000e121eaea580d4a313df4b37f32"
            ],
            "version": "==1.1.1"
        },
        "packaging": {
            "hashes": [
                "sha256:5b327ac1320dc863dca72f4514ecc086f31186744b84a230374cc1fd776feae5",
                "sha256:67714da7f7bc052e064859c05c595155bd1ee9f69f76557e21f051443c20947a"
            ],
            "markers": "python_version >= '2.7' and python_version not in '3.0, 3.1, 3.2, 3.3'",
            "version": "==20.9"
        },
        "pluggy": {
            "hashes": [
                "sha256:15b2acde666561e1298d71b523007ed7364de07029219b604cf808bfa1c765b0",
                "sha256:966c145cd83c96502c3c3868f50408687b38434af77734af1e9ca461a4081d2d"
            ],
            "markers": "python_version >= '2.7' and python_version not in '3.0, 3.1, 3.2, 3.3'",
            "version": "==0.13.1"
        },
        "py": {
            "hashes": [
                "sha256:21b81bda15b66ef5e1a777a21c4dcd9c20ad3efd0b3f817e7a809035269e1bd3",
                "sha256:3b80836aa6d1feeaa108e046da6423ab8f6ceda6468545ae8d02d9d58d18818a"
            ],
            "markers": "python_version >= '2.7' and python_version not in '3.0, 3.1, 3.2, 3.3'",
            "version": "==1.10.0"
        },
        "pyparsing": {
            "hashes": [
                "sha256:c203ec8783bf771a155b207279b9bccb8dea02d8f0c9e5f8ead507bc3246ecc1",
                "sha256:ef9d7589ef3c200abe66653d3f1ab1033c3c419ae9b9bdb1240a85b024efc88b"
            ],
            "markers": "python_version >= '2.6' and python_version not in '3.0, 3.1, 3.2, 3.3'",
            "version": "==2.4.7"
        },
        "pytest": {
            "hashes": [
                "sha256:9d1edf9e7d0b84d72ea3dbcdfd22b35fb543a5e8f2a60092dd578936bf63d7f9",
                "sha256:b574b57423e818210672e07ca1fa90aaf194a4f63f3ab909a2c67ebb22913839"
            ],
            "markers": "python_version >= '3.6'",
            "version": "==6.2.2"
        },
        "pytest-mock": {
            "hashes": [
                "sha256:379b391cfad22422ea2e252bdfc008edd08509029bcde3c25b2c0bd741e0424e",
                "sha256:a1e2aba6af9560d313c642dae7e00a2a12b022b80301d9d7fc8ec6858e1dd9fc"
            ],
            "index": "pypi",
            "version": "==3.5.1"
        },
        "toml": {
            "hashes": [
                "sha256:806143ae5bfb6a3c6e736a764057db0e6a0e05e338b5630894a5f779cabb4f9b",
                "sha256:b3bda1d108d5dd99f4a20d24d9c348e91c4db7ab1b749200bded2f839ccbe68f"
            ],
            "markers": "python_version >= '2.6' and python_version not in '3.0, 3.1, 3.2, 3.3'",
            "version": "==0.10.2"
        }
    }
}
